
Microsoft Visual Studio Solution File, Format Version 12.00
# Visual Studio 2015
Project("{FAE04EC0-301F-11D3-BF4B-00C04F79EFBC}") = "Planet Generator.CSharp", "Planet Generator.CSharp.csproj", "{108D0A67-96D9-4E1B-915F-23EA26F1C1F2}"
EndProject
Project("{FAE04EC0-301F-11D3-BF4B-00C04F79EFBC}") = "Planet Generator.CSharp.Editor", "Planet Generator.CSharp.Editor.csproj", "{AC998E91-3539-1E32-2E69-5423CE0974C5}"
EndProject
Global
	GlobalSection(SolutionConfigurationPlatforms) = preSolution
		Debug|Any CPU = Debug|Any CPU
		Release|Any CPU = Release|Any CPU
	EndGlobalSection
	GlobalSection(ProjectConfigurationPlatforms) = postSolution
		{108D0A67-96D9-4E1B-915F-23EA26F1C1F2}.Debug|Any CPU.ActiveCfg = Debug|Any CPU
		{108D0A67-96D9-4E1B-915F-23EA26F1C1F2}.Debug|Any CPU.Build.0 = Debug|Any CPU
		{108D0A67-96D9-4E1B-915F-23EA26F1C1F2}.Release|Any CPU.ActiveCfg = Release|Any CPU
		{108D0A67-96D9-4E1B-915F-23EA26F1C1F2}.Release|Any CPU.Build.0 = Release|Any CPU
		{AC998E91-3539-1E32-2E69-5423CE0974C5}.Debug|Any CPU.ActiveCfg = Debug|Any CPU
		{AC998E91-3539-1E32-2E69-5423CE0974C5}.Debug|Any CPU.Build.0 = Debug|Any CPU
		{AC998E91-3539-1E32-2E69-5423CE0974C5}.Release|Any CPU.ActiveCfg = Release|Any CPU
		{AC998E91-3539-1E32-2E69-5423CE0974C5}.Release|Any CPU.Build.0 = Release|Any CPU
	EndGlobalSection
	GlobalSection(SolutionProperties) = preSolution
		HideSolutionNode = FALSE
	EndGlobalSection
EndGlobal
